
Microsoft Visual Studio Solution File, Format Version 12.00
# Visual Studio 14
VisualStudioVersion = 14.0.24720.0
MinimumVisualStudioVersion = 10.0.40219.1
Project("{FAE04EC0-301F-11D3-BF4B-00C04F79EFBC}") = "bluePumpkinServer", "bluePumpkinServer\bluePumpkinServer.csproj", "{AD445324-AECF-475F-B532-3EF7D440EF26}"
EndProject
Global
	GlobalSection(SolutionConfigurationPlatforms) = preSolution
		Debug|Any CPU = Debug|Any CPU
		Release|Any CPU = Release|Any CPU
	EndGlobalSection
	GlobalSection(ProjectConfigurationPlatforms) = postSolution
		{AD445324-AECF-475F-B532-3EF7D440EF26}.Debug|Any CPU.ActiveCfg = Debug|Any CPU
		{AD445324-AECF-475F-B532-3EF7D440EF26}.Debug|Any CPU.Build.0 = Debug|Any CPU
		{AD445324-AECF-475F-B532-3EF7D440EF26}.Release|Any CPU.ActiveCfg = Release|Any CPU
		{AD445324-AECF-475F-B532-3EF7D440EF26}.Release|Any CPU.Build.0 = Release|Any CPU
	EndGlobalSection
	GlobalSection(SolutionProperties) = preSolution
		HideSolutionNode = FALSE
	EndGlobalSection
EndGlobal
